{
  "version": 4,
  "terraform_version": "1.8.3",
  "serial": 27,
  "lineage": "4ea6d85b-cdb3-ca36-5a8c-422a40c370e5",
  "outputs": {},
  "resources": [
    {
      "module": "module.argocd",
      "mode": "managed",
      "type": "helm_release",
      "name": "argocd-dev",
      "provider": "module.argocd.provider[\"registry.terraform.io/hashicorp/helm\"]",
      "instances": [
        {
          "schema_version": 1,
          "attributes": {
            "atomic": false,
            "chart": "argo-cd",
            "cleanup_on_fail": false,
            "create_namespace": true,
            "dependency_update": false,
            "description": null,
            "devel": null,
            "disable_crd_hooks": false,
            "disable_openapi_validation": false,
            "disable_webhooks": false,
            "force_update": false,
            "id": "argocddev",
            "keyring": null,
            "lint": false,
            "manifest": null,
            "max_history": 0,
            "metadata": [
              {
                "app_version": "v2.11.0",
                "chart": "argo-cd",
                "name": "argocddev",
                "namespace": "argocd-dev",
                "revision": 1,
                "values": "{\"applicationSet\":{\"replicaCount\":1},\"controller\":{\"replicas\":1},\"repoServer\":{\"replicas\":1},\"server\":{\"replicas\":1,\"service\":{\"type\":\"LoadBalancer\"}}}",
                "version": "6.8.1"
              }
            ],
            "name": "argocddev",
            "namespace": "argocd-dev",
            "pass_credentials": false,
            "postrender": [],
            "recreate_pods": false,
            "render_subchart_notes": true,
            "replace": false,
            "repository": "https://argoproj.github.io/argo-helm",
            "repository_ca_file": null,
            "repository_cert_file": null,
            "repository_key_file": null,
            "repository_password": null,
            "repository_username": null,
            "reset_values": false,
            "reuse_values": false,
            "set": [],
            "set_list": [],
            "set_sensitive": [],
            "skip_crds": false,
            "status": "deployed",
            "timeout": 1200,
            "values": [
              "# redis-ha:\n#   enabled: true\n\ncontroller:\n  replicas: 1\n\nserver:\n  replicas: 1\n  service:\n    type: LoadBalancer\n  #extraArgs:\n  #- --insecure\n\nrepoServer:\n  replicas: 1\n\napplicationSet:\n  replicaCount: 1\n  # replicaCount: 2\n\n  "
            ],
            "verify": false,
            "version": "6.8.1",
            "wait": true,
            "wait_for_jobs": false
          },
          "sensitive_attributes": [
            [
              {
                "type": "get_attr",
                "value": "repository_password"
              }
            ]
          ],
          "private": "eyJzY2hlbWFfdmVyc2lvbiI6IjEifQ==",
          "dependencies": [
            "module.argocd.kubernetes_namespace.argocd",
            "module.gke_cluster.google_container_cluster.primary_gke_cluster"
          ]
        }
      ]
    },
    {
      "module": "module.argocd",
      "mode": "managed",
      "type": "kubernetes_namespace",
      "name": "argocd",
      "provider": "module.argocd.provider[\"registry.terraform.io/hashicorp/kubernetes\"]",
      "instances": [
        {
          "schema_version": 0,
          "attributes": {
            "id": "argocddev",
            "metadata": [
              {
                "annotations": null,
                "generate_name": "",
                "generation": 0,
                "labels": null,
                "name": "argocddev",
                "resource_version": "4737",
                "uid": "12ad6fbf-1900-4bea-9a60-7f60bd92fd2c"
              }
            ],
            "timeouts": null,
            "wait_for_default_service_account": false
          },
          "sensitive_attributes": [],
          "private": "eyJlMmJmYjczMC1lY2FhLTExZTYtOGY4OC0zNDM2M2JjN2M0YzAiOnsiZGVsZXRlIjozMDAwMDAwMDAwMDB9fQ==",
          "dependencies": [
            "module.gke_cluster.google_container_cluster.primary_gke_cluster"
          ]
        }
      ]
    },
    {
      "module": "module.argocd",
      "mode": "managed",
      "type": "null_resource",
      "name": "argocd-password",
      "provider": "provider[\"registry.terraform.io/hashicorp/null\"]",
      "instances": [
        {
          "schema_version": 0,
          "attributes": {
            "id": "5199008300788391526",
            "triggers": null
          },
          "sensitive_attributes": [],
          "dependencies": [
            "module.argocd.helm_release.argocd-dev",
            "module.argocd.kubernetes_namespace.argocd",
            "module.gke_cluster.google_container_cluster.primary_gke_cluster"
          ]
        }
      ]
    },
    {
      "module": "module.argocd",
      "mode": "managed",
      "type": "null_resource",
      "name": "argocd-patch",
      "provider": "provider[\"registry.terraform.io/hashicorp/null\"]",
      "instances": [
        {
          "schema_version": 0,
          "attributes": {
            "id": "1828896896283227530",
            "triggers": null
          },
          "sensitive_attributes": [],
          "dependencies": [
            "module.argocd.helm_release.argocd-dev",
            "module.argocd.kubernetes_namespace.argocd",
            "module.argocd.null_resource.argocd-password",
            "module.gke_cluster.google_container_cluster.primary_gke_cluster"
          ]
        }
      ]
    },
    {
      "module": "module.gke_cluster",
      "mode": "data",
      "type": "google_client_config",
      "name": "provider",
      "provider": "provider[\"registry.terraform.io/hashicorp/google\"]",
      "instances": [
        {
          "schema_version": 0,
          "attributes": {
            "access_token": "ya29.c.c0AY_VpZgTPY-IRwkAzlCtoaT9jht0JoN6HIdigz2iVG12Nz1C8cPFy-RwI0XuGvr6OYiGlO1j4d35uFbQ6n52qJzOV-AiMqlBGTIhxIm8pcZN1MEOS0zcXU2-5Zmfcmq8daJwmE6SV7__RL9mwRCzhLXm0Cu-Bac_8ZvOPsnTWQemDIJ3G2a-8hG9-Wu89oxm8Q7bjxK0hZPzuYJz_67ObfNgwtPDXcTbEbEKxIwRUv4ir95i1pNIJX42KLvIKGk0yiotRxgJ1akTunnNsIalZPhnFJ6Eo9S3QDTZdBOEczFkhScOs6SbVLyOQGzOyhYdo4jL4FmRlpYT_P243Qi5c2PnLfJ22D8DdtNPh1gOgA5kUg5_W2VdgxeMEI8E388Kwgx8QiY2ZR3M9eeUSueweifc6h9RdorokVFFJoZ-F0d5gQV1e2v7RUBI7gSty2tRxYlJc4i9IWBzW669ySBhkIO5g_5_BbUl6JdazwdpgeOYQ8bgd6_tgedUZ3Mf9nw0zU3MSFlam6cknWvWhhh1qgMbkdkZeq7o9s1wIseSVJOcXs6Zobru23knrmoWuqXM5_rep8lzx4zt-dl_VQQVguco0BBbF3ZrxisVgi5t7rgJ51unsmYXoWX2qrom_nwROg8trMMzuV58t9Z44bsZa7qegOZWkwB0UB0fqce20tBsFM6qeW5M1ovcQxVJ2SzXp_JyzqbcjrkzkVtFUeaQt0OdlJ61p-jv-B0kaja1_5J-jdz_4ZWS_1lpjzd82FtJrs4Qty0YWaSWFfYfg3Q5-hUBsvbc0f5JnaZdJbQzB4BIj6Uf8laMxl1cYZ32WlQzxjf4gjQnk1Jlq7wtj5YRwkSU1bag_7ZnI5qU_J1xd3eqzRm5jOgq7JWR3QvY1OIFSrWqXep4IX7Xn-OeXz1xSr3FhqYYByz0X0s4pxgq2WFIadec2RFVpM9dIVZtc_6f9ynqYeS_cWr4B8RuSY68dkc658hY1a3IYXY2Sosurf_FnuROzVqy_9-",
            "id": "projects/\"crypt-420813\"/regions/\"europe-west10\"/zones/\u003cnull\u003e",
            "project": "crypt-420813",
            "region": "europe-west10",
            "zone": null
          },
          "sensitive_attributes": [
            [
              {
                "type": "get_attr",
                "value": "access_token"
              }
            ]
          ]
        }
      ]
    },
    {
      "module": "module.gke_cluster",
      "mode": "data",
      "type": "google_container_registry_repository",
      "name": "primary",
      "provider": "provider[\"registry.terraform.io/hashicorp/google\"]",
      "instances": [
        {
          "schema_version": 0,
          "attributes": {
            "id": "gcr.io/crypt-420813",
            "project": "crypt-420813",
            "region": null,
            "repository_url": "gcr.io/crypt-420813"
          },
          "sensitive_attributes": []
        }
      ]
    },
    {
      "module": "module.gke_cluster",
      "mode": "data",
      "type": "template_file",
      "name": "kubeconfig",
      "provider": "provider[\"registry.terraform.io/hashicorp/template\"]",
      "instances": [
        {
          "schema_version": 0,
          "attributes": {
            "filename": null,
            "id": "6f49431eab2e82766b0605c6836d1273efffc11a44a4d7588a5c7d66befc14dd",
            "rendered": "apiVersion: v1\nkind: Config\ncurrent-context: cryptk8s\npreferences: {}\nclusters:\n- cluster:\n    certificate-authority-data: LS0tLS1CRUdJTiBDRVJUSUZJQ0FURS0tLS0tCk1JSUVMRENDQXBTZ0F3SUJBZ0lRZkFBSGxTR1lDeEZwRDE1MU9BVUtIREFOQmdrcWhraUc5dzBCQVFzRkFEQXYKTVMwd0t3WURWUVFERXlRMk5qWmtaalF3TWkxbU4ySmtMVFJsWVRjdE9HSXlZUzAyT1RFMlpHWTBaVE01WWpNdwpJQmNOTWpRd05URXlNRGswTXpFeVdoZ1BNakExTkRBMU1EVXhNRFF6TVRKYU1DOHhMVEFyQmdOVkJBTVRKRFkyCk5tUm1OREF5TFdZM1ltUXROR1ZoTnkwNFlqSmhMVFk1TVRaa1pqUmxNemxpTXpDQ0FhSXdEUVlKS29aSWh2Y04KQVFFQkJRQURnZ0dQQURDQ0FZb0NnZ0dCQUxBbzBPbEk3RC96bW5QYm5mM2pzSkVkelhsNGttanB1OFJ3ZFdMUApoWk9mS0hpOUVzL3BWQlR3UXNIWlhZMCtWRTVTbGNuaEF5MG4weGJLbnBOT0JoUThQb1hIeUI2QTVnZ25LNUFYCkgyVjU5c3VpTGFRVG41bUhCbkJlU0VGU1MrT0JXYmxMMjZNRUxtbHpkODdWVTAvLzVROGZubHZWa05Kc1UwM2wKNThtaldnblQwMncxZW1HYm5rMHBibDZlaXVxdWRncTJzdGR6Y1ZCd2JFMHdHVVR3OGk3SnZ1SXVmbGJhZ3JwVApMUjAxdFJ2dCsrWVZ5ZTdpUER3SFNVQ0VYMHZMTEZDTnJBMG5PZTBZdmZUMkswbDZpU050d055bWJzQ3EzL3pkClA1M0h3RklSNHNwQWtraC8wdDB3TFNhYWt1QTdBbHk1YWY5RW1WL0xPc0p5TDRjdGFnd3hHcFRWb3VtMXN4Qk0KZFV5aUxsYmdPVDFTK0w2YTBKYlBVTFQyUHVOR1pCYXZGdGVGcC9oekFZdDZOU3RZVVpjK2V0YlI4SXVvVUF5eQpDRkNPa0JYR28xS1BQZ3VFUGp2M1ZXQzY0bGd6MXowQmZtamFtSytDSHRVVlhOTWphQXNCejBvZ3lTUTBTa1FsClVudTFDaytVTmdnSGhwaS9rNElOTklQUzF3SURBUUFCbzBJd1FEQU9CZ05WSFE4QkFmOEVCQU1DQWdRd0R3WUQKVlIwVEFRSC9CQVV3QXdFQi96QWRCZ05WSFE0RUZnUVUvcHZvWXlDUjVXdW5Tb09jaThJUTAxRkhVN013RFFZSgpLb1pJaHZjTkFRRUxCUUFEZ2dHQkFJY2dMeVlvTmdUeEQyOUFMSUdOUUFoWDE2N3hLSURPZWFKcmw1NWdWUE4xCmZTZHcyc2xkN2VQbmFyS096VFJkNlpCK05QV2dDNU1ERGpmNXRHdnNDZ2p2T1FLSmhJVFdSMXNYNEhlbkVmRkcKQVp2bG1YaUFtdWYrczZ0TnBYZFNLWGxDUGNveTZ4REhoVGJsdTIwR3hVbGxNa2loeU11N01YMXVRTDZaV3Q0bQplVDJGVlY0bWFkNFZJUnRwVDhFUWZuSFloa1ZPM3RLbnlOZmpZMklyOHNhWGxBVUtrS3grRllQNXNqR09qK3AxCmpyM3pYcmh3K09PNDFBQ2R1N3pYZm1LbCtsTzdaTElraVY2KzFjeHF3Z0VxT2hpTW9oTUQ3cDQrUEFsWkUzeWEKZjZ5TEVpMWpBeldWT2V1MFB6a0dzc1NjWFlwenoxTVMvcVl3MGRKakUweG9IbXNNcEJzUUZYTzQyWS9BMmpiKwpxU2Z4L2VrTmRqbWRmSjNjVjlCUjk0L0ZqeEh5SnB6aU1iSmRoTXQ5MjZuU1NaMXNScVczazdzcWozcVRYZEI2CjgxdCs1dGcxUm9SWkVGOVo1MkNCcmdGSTBsYkpBZVBNYzBoTEJSUm1vM1Vna000V1MxSTl3ajFkb2Y0eUN2encKZUg2VlpVSzZxcXBCdEUyK2xuNnJQUT09Ci0tLS0tRU5EIENFUlRJRklDQVRFLS0tLS0K\n    server: https://34.32.52.207\n  name: cryptk8s\ncontexts:\n- context:\n    cluster: cryptk8s\n    user: cryptk8s\n  name: cryptk8s\nusers:\n- name: cryptk8s\n  user:\n    token: ya29.c.c0AY_VpZgTPY-IRwkAzlCtoaT9jht0JoN6HIdigz2iVG12Nz1C8cPFy-RwI0XuGvr6OYiGlO1j4d35uFbQ6n52qJzOV-AiMqlBGTIhxIm8pcZN1MEOS0zcXU2-5Zmfcmq8daJwmE6SV7__RL9mwRCzhLXm0Cu-Bac_8ZvOPsnTWQemDIJ3G2a-8hG9-Wu89oxm8Q7bjxK0hZPzuYJz_67ObfNgwtPDXcTbEbEKxIwRUv4ir95i1pNIJX42KLvIKGk0yiotRxgJ1akTunnNsIalZPhnFJ6Eo9S3QDTZdBOEczFkhScOs6SbVLyOQGzOyhYdo4jL4FmRlpYT_P243Qi5c2PnLfJ22D8DdtNPh1gOgA5kUg5_W2VdgxeMEI8E388Kwgx8QiY2ZR3M9eeUSueweifc6h9RdorokVFFJoZ-F0d5gQV1e2v7RUBI7gSty2tRxYlJc4i9IWBzW669ySBhkIO5g_5_BbUl6JdazwdpgeOYQ8bgd6_tgedUZ3Mf9nw0zU3MSFlam6cknWvWhhh1qgMbkdkZeq7o9s1wIseSVJOcXs6Zobru23knrmoWuqXM5_rep8lzx4zt-dl_VQQVguco0BBbF3ZrxisVgi5t7rgJ51unsmYXoWX2qrom_nwROg8trMMzuV58t9Z44bsZa7qegOZWkwB0UB0fqce20tBsFM6qeW5M1ovcQxVJ2SzXp_JyzqbcjrkzkVtFUeaQt0OdlJ61p-jv-B0kaja1_5J-jdz_4ZWS_1lpjzd82FtJrs4Qty0YWaSWFfYfg3Q5-hUBsvbc0f5JnaZdJbQzB4BIj6Uf8laMxl1cYZ32WlQzxjf4gjQnk1Jlq7wtj5YRwkSU1bag_7ZnI5qU_J1xd3eqzRm5jOgq7JWR3QvY1OIFSrWqXep4IX7Xn-OeXz1xSr3FhqYYByz0X0s4pxgq2WFIadec2RFVpM9dIVZtc_6f9ynqYeS_cWr4B8RuSY68dkc658hY1a3IYXY2Sosurf_FnuROzVqy_9-",
            "template": "apiVersion: v1\nkind: Config\ncurrent-context: ${cluster_name}\npreferences: {}\nclusters:\n- cluster:\n    certificate-authority-data: ${cluster_ca_certificate}\n    server: ${cluster_endpoint}\n  name: ${cluster_name}\ncontexts:\n- context:\n    cluster: ${cluster_name}\n    user: ${cluster_name}\n  name: ${cluster_name}\nusers:\n- name: ${cluster_name}\n  user:\n    token: ${access_token}",
            "vars": {
              "access_token": "ya29.c.c0AY_VpZgTPY-IRwkAzlCtoaT9jht0JoN6HIdigz2iVG12Nz1C8cPFy-RwI0XuGvr6OYiGlO1j4d35uFbQ6n52qJzOV-AiMqlBGTIhxIm8pcZN1MEOS0zcXU2-5Zmfcmq8daJwmE6SV7__RL9mwRCzhLXm0Cu-Bac_8ZvOPsnTWQemDIJ3G2a-8hG9-Wu89oxm8Q7bjxK0hZPzuYJz_67ObfNgwtPDXcTbEbEKxIwRUv4ir95i1pNIJX42KLvIKGk0yiotRxgJ1akTunnNsIalZPhnFJ6Eo9S3QDTZdBOEczFkhScOs6SbVLyOQGzOyhYdo4jL4FmRlpYT_P243Qi5c2PnLfJ22D8DdtNPh1gOgA5kUg5_W2VdgxeMEI8E388Kwgx8QiY2ZR3M9eeUSueweifc6h9RdorokVFFJoZ-F0d5gQV1e2v7RUBI7gSty2tRxYlJc4i9IWBzW669ySBhkIO5g_5_BbUl6JdazwdpgeOYQ8bgd6_tgedUZ3Mf9nw0zU3MSFlam6cknWvWhhh1qgMbkdkZeq7o9s1wIseSVJOcXs6Zobru23knrmoWuqXM5_rep8lzx4zt-dl_VQQVguco0BBbF3ZrxisVgi5t7rgJ51unsmYXoWX2qrom_nwROg8trMMzuV58t9Z44bsZa7qegOZWkwB0UB0fqce20tBsFM6qeW5M1ovcQxVJ2SzXp_JyzqbcjrkzkVtFUeaQt0OdlJ61p-jv-B0kaja1_5J-jdz_4ZWS_1lpjzd82FtJrs4Qty0YWaSWFfYfg3Q5-hUBsvbc0f5JnaZdJbQzB4BIj6Uf8laMxl1cYZ32WlQzxjf4gjQnk1Jlq7wtj5YRwkSU1bag_7ZnI5qU_J1xd3eqzRm5jOgq7JWR3QvY1OIFSrWqXep4IX7Xn-OeXz1xSr3FhqYYByz0X0s4pxgq2WFIadec2RFVpM9dIVZtc_6f9ynqYeS_cWr4B8RuSY68dkc658hY1a3IYXY2Sosurf_FnuROzVqy_9-",
              "cluster_ca_certificate": "LS0tLS1CRUdJTiBDRVJUSUZJQ0FURS0tLS0tCk1JSUVMRENDQXBTZ0F3SUJBZ0lRZkFBSGxTR1lDeEZwRDE1MU9BVUtIREFOQmdrcWhraUc5dzBCQVFzRkFEQXYKTVMwd0t3WURWUVFERXlRMk5qWmtaalF3TWkxbU4ySmtMVFJsWVRjdE9HSXlZUzAyT1RFMlpHWTBaVE01WWpNdwpJQmNOTWpRd05URXlNRGswTXpFeVdoZ1BNakExTkRBMU1EVXhNRFF6TVRKYU1DOHhMVEFyQmdOVkJBTVRKRFkyCk5tUm1OREF5TFdZM1ltUXROR1ZoTnkwNFlqSmhMVFk1TVRaa1pqUmxNemxpTXpDQ0FhSXdEUVlKS29aSWh2Y04KQVFFQkJRQURnZ0dQQURDQ0FZb0NnZ0dCQUxBbzBPbEk3RC96bW5QYm5mM2pzSkVkelhsNGttanB1OFJ3ZFdMUApoWk9mS0hpOUVzL3BWQlR3UXNIWlhZMCtWRTVTbGNuaEF5MG4weGJLbnBOT0JoUThQb1hIeUI2QTVnZ25LNUFYCkgyVjU5c3VpTGFRVG41bUhCbkJlU0VGU1MrT0JXYmxMMjZNRUxtbHpkODdWVTAvLzVROGZubHZWa05Kc1UwM2wKNThtaldnblQwMncxZW1HYm5rMHBibDZlaXVxdWRncTJzdGR6Y1ZCd2JFMHdHVVR3OGk3SnZ1SXVmbGJhZ3JwVApMUjAxdFJ2dCsrWVZ5ZTdpUER3SFNVQ0VYMHZMTEZDTnJBMG5PZTBZdmZUMkswbDZpU050d055bWJzQ3EzL3pkClA1M0h3RklSNHNwQWtraC8wdDB3TFNhYWt1QTdBbHk1YWY5RW1WL0xPc0p5TDRjdGFnd3hHcFRWb3VtMXN4Qk0KZFV5aUxsYmdPVDFTK0w2YTBKYlBVTFQyUHVOR1pCYXZGdGVGcC9oekFZdDZOU3RZVVpjK2V0YlI4SXVvVUF5eQpDRkNPa0JYR28xS1BQZ3VFUGp2M1ZXQzY0bGd6MXowQmZtamFtSytDSHRVVlhOTWphQXNCejBvZ3lTUTBTa1FsClVudTFDaytVTmdnSGhwaS9rNElOTklQUzF3SURBUUFCbzBJd1FEQU9CZ05WSFE4QkFmOEVCQU1DQWdRd0R3WUQKVlIwVEFRSC9CQVV3QXdFQi96QWRCZ05WSFE0RUZnUVUvcHZvWXlDUjVXdW5Tb09jaThJUTAxRkhVN013RFFZSgpLb1pJaHZjTkFRRUxCUUFEZ2dHQkFJY2dMeVlvTmdUeEQyOUFMSUdOUUFoWDE2N3hLSURPZWFKcmw1NWdWUE4xCmZTZHcyc2xkN2VQbmFyS096VFJkNlpCK05QV2dDNU1ERGpmNXRHdnNDZ2p2T1FLSmhJVFdSMXNYNEhlbkVmRkcKQVp2bG1YaUFtdWYrczZ0TnBYZFNLWGxDUGNveTZ4REhoVGJsdTIwR3hVbGxNa2loeU11N01YMXVRTDZaV3Q0bQplVDJGVlY0bWFkNFZJUnRwVDhFUWZuSFloa1ZPM3RLbnlOZmpZMklyOHNhWGxBVUtrS3grRllQNXNqR09qK3AxCmpyM3pYcmh3K09PNDFBQ2R1N3pYZm1LbCtsTzdaTElraVY2KzFjeHF3Z0VxT2hpTW9oTUQ3cDQrUEFsWkUzeWEKZjZ5TEVpMWpBeldWT2V1MFB6a0dzc1NjWFlwenoxTVMvcVl3MGRKakUweG9IbXNNcEJzUUZYTzQyWS9BMmpiKwpxU2Z4L2VrTmRqbWRmSjNjVjlCUjk0L0ZqeEh5SnB6aU1iSmRoTXQ5MjZuU1NaMXNScVczazdzcWozcVRYZEI2CjgxdCs1dGcxUm9SWkVGOVo1MkNCcmdGSTBsYkpBZVBNYzBoTEJSUm1vM1Vna000V1MxSTl3ajFkb2Y0eUN2encKZUg2VlpVSzZxcXBCdEUyK2xuNnJQUT09Ci0tLS0tRU5EIENFUlRJRklDQVRFLS0tLS0K",
              "cluster_endpoint": "https://34.32.52.207",
              "cluster_name": "cryptk8s"
            }
          },
          "sensitive_attributes": [
            [
              {
                "type": "get_attr",
                "value": "vars"
              },
              {
                "type": "index",
                "value": {
                  "value": "access_token",
                  "type": "string"
                }
              }
            ]
          ]
        }
      ]
    },
    {
      "module": "module.gke_cluster",
      "mode": "managed",
      "type": "google_compute_firewall",
      "name": "validate_nginx",
      "provider": "provider[\"registry.terraform.io/hashicorp/google\"]",
      "instances": [
        {
          "schema_version": 1,
          "attributes": {
            "allow": [
              {
                "ports": [
                  "8443"
                ],
                "protocol": "tcp"
              }
            ],
            "creation_timestamp": "2024-05-12T03:43:11.325-07:00",
            "deny": [],
            "description": "",
            "destination_ranges": [],
            "direction": "INGRESS",
            "disabled": false,
            "enable_logging": null,
            "id": "projects/crypt-420813/global/firewalls/validate-nginx",
            "log_config": [],
            "name": "validate-nginx",
            "network": "https://www.googleapis.com/compute/v1/projects/crypt-420813/global/networks/default",
            "priority": 1000,
            "project": "crypt-420813",
            "self_link": "https://www.googleapis.com/compute/v1/projects/crypt-420813/global/firewalls/validate-nginx",
            "source_ranges": [
              "0.0.0.0/0"
            ],
            "source_service_accounts": null,
            "source_tags": null,
            "target_service_accounts": null,
            "target_tags": null,
            "timeouts": null
          },
          "sensitive_attributes": [],
          "private": "eyJlMmJmYjczMC1lY2FhLTExZTYtOGY4OC0zNDM2M2JjN2M0YzAiOnsiY3JlYXRlIjoxMjAwMDAwMDAwMDAwLCJkZWxldGUiOjEyMDAwMDAwMDAwMDAsInVwZGF0ZSI6MTIwMDAwMDAwMDAwMH0sInNjaGVtYV92ZXJzaW9uIjoiMSJ9"
        }
      ]
    },
    {
      "module": "module.gke_cluster",
      "mode": "managed",
      "type": "google_container_cluster",
      "name": "primary_gke_cluster",
      "provider": "provider[\"registry.terraform.io/hashicorp/google\"]",
      "instances": [
        {
          "schema_version": 2,
          "attributes": {
            "addons_config": [
              {
                "cloudrun_config": [],
                "config_connector_config": [],
                "dns_cache_config": [],
                "gce_persistent_disk_csi_driver_config": [
                  {
                    "enabled": true
                  }
                ],
                "gcp_filestore_csi_driver_config": [],
                "gcs_fuse_csi_driver_config": [],
                "gke_backup_agent_config": [],
                "horizontal_pod_autoscaling": [],
                "http_load_balancing": [
                  {
                    "disabled": false
                  }
                ],
                "network_policy_config": [
                  {
                    "disabled": true
                  }
                ],
                "stateful_ha_config": []
              }
            ],
            "allow_net_admin": null,
            "authenticator_groups_config": [],
            "binary_authorization": [
              {
                "enabled": false,
                "evaluation_mode": ""
              }
            ],
            "cluster_autoscaling": [
              {
                "auto_provisioning_defaults": [],
                "autoscaling_profile": "BALANCED",
                "enabled": false,
                "resource_limits": []
              }
            ],
            "cluster_ipv4_cidr": "10.116.0.0/16",
            "confidential_nodes": [],
            "cost_management_config": [],
            "database_encryption": [
              {
                "key_name": "",
                "state": "DECRYPTED"
              }
            ],
            "datapath_provider": "",
            "default_max_pods_per_node": 110,
            "default_snat_status": [
              {
                "disabled": false
              }
            ],
            "deletion_protection": false,
            "description": "",
            "dns_config": [],
            "enable_autopilot": false,
            "enable_cilium_clusterwide_network_policy": false,
            "enable_intranode_visibility": false,
            "enable_k8s_beta_apis": [],
            "enable_kubernetes_alpha": false,
            "enable_l4_ilb_subsetting": false,
            "enable_legacy_abac": false,
            "enable_shielded_nodes": true,
            "enable_tpu": false,
            "endpoint": "34.32.52.207",
            "fleet": [],
            "gateway_api_config": [],
            "id": "projects/crypt-420813/locations/europe-west10/clusters/cryptk8s",
            "identity_service_config": [],
            "initial_node_count": 1,
            "ip_allocation_policy": [
              {
                "additional_pod_ranges_config": [],
                "cluster_ipv4_cidr_block": "10.116.0.0/16",
                "cluster_secondary_range_name": "gke-cryptk8s-pods-b98a5f44",
                "pod_cidr_overprovision_config": [
                  {
                    "disabled": false
                  }
                ],
                "services_ipv4_cidr_block": "10.41.120.0/22",
                "services_secondary_range_name": "gke-cryptk8s-services-b98a5f44",
                "stack_type": "IPV4"
              }
            ],
            "label_fingerprint": "a9dc16a7",
            "location": "europe-west10",
            "logging_config": [
              {
                "enable_components": [
                  "SYSTEM_COMPONENTS",
                  "WORKLOADS"
                ]
              }
            ],
            "logging_service": "logging.googleapis.com/kubernetes",
            "maintenance_policy": [],
            "master_auth": [
              {
                "client_certificate": "",
                "client_certificate_config": [
                  {
                    "issue_client_certificate": false
                  }
                ],
                "client_key": "",
                "cluster_ca_certificate": "LS0tLS1CRUdJTiBDRVJUSUZJQ0FURS0tLS0tCk1JSUVMRENDQXBTZ0F3SUJBZ0lRZkFBSGxTR1lDeEZwRDE1MU9BVUtIREFOQmdrcWhraUc5dzBCQVFzRkFEQXYKTVMwd0t3WURWUVFERXlRMk5qWmtaalF3TWkxbU4ySmtMVFJsWVRjdE9HSXlZUzAyT1RFMlpHWTBaVE01WWpNdwpJQmNOTWpRd05URXlNRGswTXpFeVdoZ1BNakExTkRBMU1EVXhNRFF6TVRKYU1DOHhMVEFyQmdOVkJBTVRKRFkyCk5tUm1OREF5TFdZM1ltUXROR1ZoTnkwNFlqSmhMVFk1TVRaa1pqUmxNemxpTXpDQ0FhSXdEUVlKS29aSWh2Y04KQVFFQkJRQURnZ0dQQURDQ0FZb0NnZ0dCQUxBbzBPbEk3RC96bW5QYm5mM2pzSkVkelhsNGttanB1OFJ3ZFdMUApoWk9mS0hpOUVzL3BWQlR3UXNIWlhZMCtWRTVTbGNuaEF5MG4weGJLbnBOT0JoUThQb1hIeUI2QTVnZ25LNUFYCkgyVjU5c3VpTGFRVG41bUhCbkJlU0VGU1MrT0JXYmxMMjZNRUxtbHpkODdWVTAvLzVROGZubHZWa05Kc1UwM2wKNThtaldnblQwMncxZW1HYm5rMHBibDZlaXVxdWRncTJzdGR6Y1ZCd2JFMHdHVVR3OGk3SnZ1SXVmbGJhZ3JwVApMUjAxdFJ2dCsrWVZ5ZTdpUER3SFNVQ0VYMHZMTEZDTnJBMG5PZTBZdmZUMkswbDZpU050d055bWJzQ3EzL3pkClA1M0h3RklSNHNwQWtraC8wdDB3TFNhYWt1QTdBbHk1YWY5RW1WL0xPc0p5TDRjdGFnd3hHcFRWb3VtMXN4Qk0KZFV5aUxsYmdPVDFTK0w2YTBKYlBVTFQyUHVOR1pCYXZGdGVGcC9oekFZdDZOU3RZVVpjK2V0YlI4SXVvVUF5eQpDRkNPa0JYR28xS1BQZ3VFUGp2M1ZXQzY0bGd6MXowQmZtamFtSytDSHRVVlhOTWphQXNCejBvZ3lTUTBTa1FsClVudTFDaytVTmdnSGhwaS9rNElOTklQUzF3SURBUUFCbzBJd1FEQU9CZ05WSFE4QkFmOEVCQU1DQWdRd0R3WUQKVlIwVEFRSC9CQVV3QXdFQi96QWRCZ05WSFE0RUZnUVUvcHZvWXlDUjVXdW5Tb09jaThJUTAxRkhVN013RFFZSgpLb1pJaHZjTkFRRUxCUUFEZ2dHQkFJY2dMeVlvTmdUeEQyOUFMSUdOUUFoWDE2N3hLSURPZWFKcmw1NWdWUE4xCmZTZHcyc2xkN2VQbmFyS096VFJkNlpCK05QV2dDNU1ERGpmNXRHdnNDZ2p2T1FLSmhJVFdSMXNYNEhlbkVmRkcKQVp2bG1YaUFtdWYrczZ0TnBYZFNLWGxDUGNveTZ4REhoVGJsdTIwR3hVbGxNa2loeU11N01YMXVRTDZaV3Q0bQplVDJGVlY0bWFkNFZJUnRwVDhFUWZuSFloa1ZPM3RLbnlOZmpZMklyOHNhWGxBVUtrS3grRllQNXNqR09qK3AxCmpyM3pYcmh3K09PNDFBQ2R1N3pYZm1LbCtsTzdaTElraVY2KzFjeHF3Z0VxT2hpTW9oTUQ3cDQrUEFsWkUzeWEKZjZ5TEVpMWpBeldWT2V1MFB6a0dzc1NjWFlwenoxTVMvcVl3MGRKakUweG9IbXNNcEJzUUZYTzQyWS9BMmpiKwpxU2Z4L2VrTmRqbWRmSjNjVjlCUjk0L0ZqeEh5SnB6aU1iSmRoTXQ5MjZuU1NaMXNScVczazdzcWozcVRYZEI2CjgxdCs1dGcxUm9SWkVGOVo1MkNCcmdGSTBsYkpBZVBNYzBoTEJSUm1vM1Vna000V1MxSTl3ajFkb2Y0eUN2encKZUg2VlpVSzZxcXBCdEUyK2xuNnJQUT09Ci0tLS0tRU5EIENFUlRJRklDQVRFLS0tLS0K"
              }
            ],
            "master_authorized_networks_config": [],
            "master_version": "1.27.11-gke.1062001",
            "mesh_certificates": [],
            "min_master_version": null,
            "monitoring_config": [
              {
                "advanced_datapath_observability_config": [
                  {
                    "enable_metrics": false,
                    "enable_relay": false,
                    "relay_mode": "DISABLED"
                  }
                ],
                "enable_components": [
                  "SYSTEM_COMPONENTS"
                ],
                "managed_prometheus": [
                  {
                    "enabled": true
                  }
                ]
              }
            ],
            "monitoring_service": "monitoring.googleapis.com/kubernetes",
            "name": "cryptk8s",
            "network": "projects/crypt-420813/global/networks/default",
            "network_policy": [
              {
                "enabled": false,
                "provider": "PROVIDER_UNSPECIFIED"
              }
            ],
            "networking_mode": "VPC_NATIVE",
            "node_config": [],
            "node_locations": [
              "europe-west10-a",
              "europe-west10-b",
              "europe-west10-c"
            ],
            "node_pool": [],
            "node_pool_auto_config": [],
            "node_pool_defaults": [
              {
                "node_config_defaults": [
                  {
                    "logging_variant": "DEFAULT"
                  }
                ]
              }
            ],
            "node_version": "1.27.11-gke.1062001",
            "notification_config": [
              {
                "pubsub": [
                  {
                    "enabled": false,
                    "filter": [],
                    "topic": ""
                  }
                ]
              }
            ],
            "operation": null,
            "private_cluster_config": [
              {
                "enable_private_endpoint": false,
                "enable_private_nodes": false,
                "master_global_access_config": [
                  {
                    "enabled": false
                  }
                ],
                "master_ipv4_cidr_block": "",
                "peering_name": "",
                "private_endpoint": "10.214.0.58",
                "private_endpoint_subnetwork": "",
                "public_endpoint": "34.32.52.207"
              }
            ],
            "private_ipv6_google_access": "",
            "project": "crypt-420813",
            "release_channel": [
              {
                "channel": "STABLE"
              }
            ],
            "remove_default_node_pool": true,
            "resource_labels": null,
            "resource_usage_export_config": [],
            "security_posture_config": [
              {
                "mode": "BASIC",
                "vulnerability_mode": "VULNERABILITY_MODE_UNSPECIFIED"
              }
            ],
            "self_link": "https://container.googleapis.com/v1/projects/crypt-420813/locations/europe-west10/clusters/cryptk8s",
            "service_external_ips_config": [
              {
                "enabled": false
              }
            ],
            "services_ipv4_cidr": "10.41.120.0/22",
            "subnetwork": "projects/crypt-420813/regions/europe-west10/subnetworks/default",
            "timeouts": {
              "create": "20m",
              "delete": null,
              "read": null,
              "update": "20m"
            },
            "tpu_ipv4_cidr_block": "",
            "vertical_pod_autoscaling": [],
            "workload_identity_config": []
          },
          "sensitive_attributes": [
            [
              {
                "type": "get_attr",
                "value": "master_auth"
              },
              {
                "type": "index",
                "value": {
                  "value": 0,
                  "type": "number"
                }
              },
              {
                "type": "get_attr",
                "value": "client_key"
              }
            ]
          ],
          "private": "eyJlMmJmYjczMC1lY2FhLTExZTYtOGY4OC0zNDM2M2JjN2M0YzAiOnsiY3JlYXRlIjoxMjAwMDAwMDAwMDAwLCJkZWxldGUiOjI0MDAwMDAwMDAwMDAsInJlYWQiOjI0MDAwMDAwMDAwMDAsInVwZGF0ZSI6MTIwMDAwMDAwMDAwMH0sInNjaGVtYV92ZXJzaW9uIjoiMiJ9"
        }
      ]
    },
    {
      "module": "module.gke_cluster",
      "mode": "managed",
      "type": "google_container_node_pool",
      "name": "primary_nodes",
      "provider": "provider[\"registry.terraform.io/hashicorp/google\"]",
      "instances": [
        {
          "schema_version": 1,
          "attributes": {
            "autoscaling": [
              {
                "location_policy": "ANY",
                "max_node_count": 3,
                "min_node_count": 1,
                "total_max_node_count": 0,
                "total_min_node_count": 0
              }
            ],
            "cluster": "cryptk8s",
            "id": "projects/crypt-420813/locations/europe-west10/clusters/cryptk8s/nodePools/cryptk8s-pool",
            "initial_node_count": 1,
            "instance_group_urls": [
              "https://www.googleapis.com/compute/v1/projects/crypt-420813/zones/europe-west10-c/instanceGroupManagers/gke-cryptk8s-cryptk8s-pool-3dc737ab-grp",
              "https://www.googleapis.com/compute/v1/projects/crypt-420813/zones/europe-west10-b/instanceGroupManagers/gke-cryptk8s-cryptk8s-pool-a6e06389-grp",
              "https://www.googleapis.com/compute/v1/projects/crypt-420813/zones/europe-west10-a/instanceGroupManagers/gke-cryptk8s-cryptk8s-pool-24303668-grp"
            ],
            "location": "europe-west10",
            "managed_instance_group_urls": [
              "https://www.googleapis.com/compute/v1/projects/crypt-420813/zones/europe-west10-c/instanceGroups/gke-cryptk8s-cryptk8s-pool-3dc737ab-grp",
              "https://www.googleapis.com/compute/v1/projects/crypt-420813/zones/europe-west10-b/instanceGroups/gke-cryptk8s-cryptk8s-pool-a6e06389-grp",
              "https://www.googleapis.com/compute/v1/projects/crypt-420813/zones/europe-west10-a/instanceGroups/gke-cryptk8s-cryptk8s-pool-24303668-grp"
            ],
            "management": [
              {
                "auto_repair": true,
                "auto_upgrade": true
              }
            ],
            "max_pods_per_node": 110,
            "name": "cryptk8s-pool",
            "name_prefix": "",
            "network_config": [
              {
                "create_pod_range": false,
                "enable_private_nodes": false,
                "network_performance_config": [],
                "pod_cidr_overprovision_config": [],
                "pod_ipv4_cidr_block": "10.116.0.0/16",
                "pod_range": "gke-cryptk8s-pods-b98a5f44"
              }
            ],
            "node_config": [
              {
                "advanced_machine_features": [],
                "boot_disk_kms_key": "",
                "confidential_nodes": [],
                "disk_size_gb": 20,
                "disk_type": "pd-balanced",
                "effective_taints": [],
                "enable_confidential_storage": false,
                "ephemeral_storage_local_ssd_config": [],
                "fast_socket": [],
                "gcfs_config": [],
                "guest_accelerator": [],
                "gvnic": [],
                "host_maintenance_policy": [],
                "image_type": "COS_CONTAINERD",
                "kubelet_config": [],
                "labels": {},
                "linux_node_config": [],
                "local_nvme_ssd_block_config": [],
                "local_ssd_count": 0,
                "logging_variant": "DEFAULT",
                "machine_type": "e2-medium",
                "metadata": {
                  "disable-legacy-endpoints": "true"
                },
                "min_cpu_platform": "",
                "node_group": "",
                "oauth_scopes": [
                  "https://www.googleapis.com/auth/cloud-platform",
                  "https://www.googleapis.com/auth/compute",
                  "https://www.googleapis.com/auth/devstorage.read_only",
                  "https://www.googleapis.com/auth/logging.write",
                  "https://www.googleapis.com/auth/monitoring"
                ],
                "preemptible": true,
                "reservation_affinity": [],
                "resource_labels": null,
                "resource_manager_tags": null,
                "service_account": "default",
                "shielded_instance_config": [
                  {
                    "enable_integrity_monitoring": true,
                    "enable_secure_boot": false
                  }
                ],
                "sole_tenant_config": [],
                "spot": false,
                "tags": null,
                "taint": [],
                "workload_metadata_config": []
              }
            ],
            "node_count": 1,
            "node_locations": [
              "europe-west10-a",
              "europe-west10-b",
              "europe-west10-c"
            ],
            "operation": null,
            "placement_policy": [],
            "project": "crypt-420813",
            "queued_provisioning": [],
            "timeouts": {
              "create": "20m",
              "delete": null,
              "update": "20m"
            },
            "upgrade_settings": [
              {
                "blue_green_settings": [],
                "max_surge": 1,
                "max_unavailable": 0,
                "strategy": "SURGE"
              }
            ],
            "version": "1.27.11-gke.1062001"
          },
          "sensitive_attributes": [],
          "private": "eyJlMmJmYjczMC1lY2FhLTExZTYtOGY4OC0zNDM2M2JjN2M0YzAiOnsiY3JlYXRlIjoxMjAwMDAwMDAwMDAwLCJkZWxldGUiOjE4MDAwMDAwMDAwMDAsInVwZGF0ZSI6MTIwMDAwMDAwMDAwMH0sInNjaGVtYV92ZXJzaW9uIjoiMSJ9",
          "dependencies": [
            "module.gke_cluster.google_container_cluster.primary_gke_cluster"
          ]
        }
      ]
    },
    {
      "module": "module.gke_cluster",
      "mode": "managed",
      "type": "google_project_service",
      "name": "network",
      "provider": "provider[\"registry.terraform.io/hashicorp/google\"]",
      "instances": [
        {
          "index_key": "artifactregistry.googleapis.com",
          "schema_version": 0,
          "attributes": {
            "disable_dependent_services": true,
            "disable_on_destroy": false,
            "id": "crypt-420813/artifactregistry.googleapis.com",
            "project": "crypt-420813",
            "service": "artifactregistry.googleapis.com",
            "timeouts": null
          },
          "sensitive_attributes": [],
          "private": "eyJlMmJmYjczMC1lY2FhLTExZTYtOGY4OC0zNDM2M2JjN2M0YzAiOnsiY3JlYXRlIjoxMjAwMDAwMDAwMDAwLCJkZWxldGUiOjEyMDAwMDAwMDAwMDAsInJlYWQiOjYwMDAwMDAwMDAwMCwidXBkYXRlIjoxMjAwMDAwMDAwMDAwfX0="
        },
        {
          "index_key": "cloudresourcemanager.googleapis.com",
          "schema_version": 0,
          "attributes": {
            "disable_dependent_services": true,
            "disable_on_destroy": false,
            "id": "crypt-420813/cloudresourcemanager.googleapis.com",
            "project": "crypt-420813",
            "service": "cloudresourcemanager.googleapis.com",
            "timeouts": null
          },
          "sensitive_attributes": [],
          "private": "eyJlMmJmYjczMC1lY2FhLTExZTYtOGY4OC0zNDM2M2JjN2M0YzAiOnsiY3JlYXRlIjoxMjAwMDAwMDAwMDAwLCJkZWxldGUiOjEyMDAwMDAwMDAwMDAsInJlYWQiOjYwMDAwMDAwMDAwMCwidXBkYXRlIjoxMjAwMDAwMDAwMDAwfX0="
        },
        {
          "index_key": "compute.googleapis.com",
          "schema_version": 0,
          "attributes": {
            "disable_dependent_services": true,
            "disable_on_destroy": false,
            "id": "crypt-420813/compute.googleapis.com",
            "project": "crypt-420813",
            "service": "compute.googleapis.com",
            "timeouts": null
          },
          "sensitive_attributes": [],
          "private": "eyJlMmJmYjczMC1lY2FhLTExZTYtOGY4OC0zNDM2M2JjN2M0YzAiOnsiY3JlYXRlIjoxMjAwMDAwMDAwMDAwLCJkZWxldGUiOjEyMDAwMDAwMDAwMDAsInJlYWQiOjYwMDAwMDAwMDAwMCwidXBkYXRlIjoxMjAwMDAwMDAwMDAwfX0="
        },
        {
          "index_key": "container.googleapis.com",
          "schema_version": 0,
          "attributes": {
            "disable_dependent_services": true,
            "disable_on_destroy": false,
            "id": "crypt-420813/container.googleapis.com",
            "project": "crypt-420813",
            "service": "container.googleapis.com",
            "timeouts": null
          },
          "sensitive_attributes": [],
          "private": "eyJlMmJmYjczMC1lY2FhLTExZTYtOGY4OC0zNDM2M2JjN2M0YzAiOnsiY3JlYXRlIjoxMjAwMDAwMDAwMDAwLCJkZWxldGUiOjEyMDAwMDAwMDAwMDAsInJlYWQiOjYwMDAwMDAwMDAwMCwidXBkYXRlIjoxMjAwMDAwMDAwMDAwfX0="
        },
        {
          "index_key": "containerregistry.googleapis.com",
          "schema_version": 0,
          "attributes": {
            "disable_dependent_services": true,
            "disable_on_destroy": false,
            "id": "crypt-420813/containerregistry.googleapis.com",
            "project": "crypt-420813",
            "service": "containerregistry.googleapis.com",
            "timeouts": null
          },
          "sensitive_attributes": [],
          "private": "eyJlMmJmYjczMC1lY2FhLTExZTYtOGY4OC0zNDM2M2JjN2M0YzAiOnsiY3JlYXRlIjoxMjAwMDAwMDAwMDAwLCJkZWxldGUiOjEyMDAwMDAwMDAwMDAsInJlYWQiOjYwMDAwMDAwMDAwMCwidXBkYXRlIjoxMjAwMDAwMDAwMDAwfX0="
        },
        {
          "index_key": "containerscanning.googleapis.com",
          "schema_version": 0,
          "attributes": {
            "disable_dependent_services": true,
            "disable_on_destroy": false,
            "id": "crypt-420813/containerscanning.googleapis.com",
            "project": "crypt-420813",
            "service": "containerscanning.googleapis.com",
            "timeouts": null
          },
          "sensitive_attributes": [],
          "private": "eyJlMmJmYjczMC1lY2FhLTExZTYtOGY4OC0zNDM2M2JjN2M0YzAiOnsiY3JlYXRlIjoxMjAwMDAwMDAwMDAwLCJkZWxldGUiOjEyMDAwMDAwMDAwMDAsInJlYWQiOjYwMDAwMDAwMDAwMCwidXBkYXRlIjoxMjAwMDAwMDAwMDAwfX0="
        },
        {
          "index_key": "iam.googleapis.com",
          "schema_version": 0,
          "attributes": {
            "disable_dependent_services": true,
            "disable_on_destroy": false,
            "id": "crypt-420813/iam.googleapis.com",
            "project": "crypt-420813",
            "service": "iam.googleapis.com",
            "timeouts": null
          },
          "sensitive_attributes": [],
          "private": "eyJlMmJmYjczMC1lY2FhLTExZTYtOGY4OC0zNDM2M2JjN2M0YzAiOnsiY3JlYXRlIjoxMjAwMDAwMDAwMDAwLCJkZWxldGUiOjEyMDAwMDAwMDAwMDAsInJlYWQiOjYwMDAwMDAwMDAwMCwidXBkYXRlIjoxMjAwMDAwMDAwMDAwfX0="
        },
        {
          "index_key": "logging.googleapis.com",
          "schema_version": 0,
          "attributes": {
            "disable_dependent_services": true,
            "disable_on_destroy": false,
            "id": "crypt-420813/logging.googleapis.com",
            "project": "crypt-420813",
            "service": "logging.googleapis.com",
            "timeouts": null
          },
          "sensitive_attributes": [],
          "private": "eyJlMmJmYjczMC1lY2FhLTExZTYtOGY4OC0zNDM2M2JjN2M0YzAiOnsiY3JlYXRlIjoxMjAwMDAwMDAwMDAwLCJkZWxldGUiOjEyMDAwMDAwMDAwMDAsInJlYWQiOjYwMDAwMDAwMDAwMCwidXBkYXRlIjoxMjAwMDAwMDAwMDAwfX0="
        },
        {
          "index_key": "monitoring.googleapis.com",
          "schema_version": 0,
          "attributes": {
            "disable_dependent_services": true,
            "disable_on_destroy": false,
            "id": "crypt-420813/monitoring.googleapis.com",
            "project": "crypt-420813",
            "service": "monitoring.googleapis.com",
            "timeouts": null
          },
          "sensitive_attributes": [],
          "private": "eyJlMmJmYjczMC1lY2FhLTExZTYtOGY4OC0zNDM2M2JjN2M0YzAiOnsiY3JlYXRlIjoxMjAwMDAwMDAwMDAwLCJkZWxldGUiOjEyMDAwMDAwMDAwMDAsInJlYWQiOjYwMDAwMDAwMDAwMCwidXBkYXRlIjoxMjAwMDAwMDAwMDAwfX0="
        },
        {
          "index_key": "ondemandscanning.googleapis.com",
          "schema_version": 0,
          "attributes": {
            "disable_dependent_services": true,
            "disable_on_destroy": false,
            "id": "crypt-420813/ondemandscanning.googleapis.com",
            "project": "crypt-420813",
            "service": "ondemandscanning.googleapis.com",
            "timeouts": null
          },
          "sensitive_attributes": [],
          "private": "eyJlMmJmYjczMC1lY2FhLTExZTYtOGY4OC0zNDM2M2JjN2M0YzAiOnsiY3JlYXRlIjoxMjAwMDAwMDAwMDAwLCJkZWxldGUiOjEyMDAwMDAwMDAwMDAsInJlYWQiOjYwMDAwMDAwMDAwMCwidXBkYXRlIjoxMjAwMDAwMDAwMDAwfX0="
        },
        {
          "index_key": "serviceusage.googleapis.com",
          "schema_version": 0,
          "attributes": {
            "disable_dependent_services": true,
            "disable_on_destroy": false,
            "id": "crypt-420813/serviceusage.googleapis.com",
            "project": "crypt-420813",
            "service": "serviceusage.googleapis.com",
            "timeouts": null
          },
          "sensitive_attributes": [],
          "private": "eyJlMmJmYjczMC1lY2FhLTExZTYtOGY4OC0zNDM2M2JjN2M0YzAiOnsiY3JlYXRlIjoxMjAwMDAwMDAwMDAwLCJkZWxldGUiOjEyMDAwMDAwMDAwMDAsInJlYWQiOjYwMDAwMDAwMDAwMCwidXBkYXRlIjoxMjAwMDAwMDAwMDAwfX0="
        },
        {
          "index_key": "storage.googleapis.com",
          "schema_version": 0,
          "attributes": {
            "disable_dependent_services": true,
            "disable_on_destroy": false,
            "id": "crypt-420813/storage.googleapis.com",
            "project": "crypt-420813",
            "service": "storage.googleapis.com",
            "timeouts": null
          },
          "sensitive_attributes": [],
          "private": "eyJlMmJmYjczMC1lY2FhLTExZTYtOGY4OC0zNDM2M2JjN2M0YzAiOnsiY3JlYXRlIjoxMjAwMDAwMDAwMDAwLCJkZWxldGUiOjEyMDAwMDAwMDAwMDAsInJlYWQiOjYwMDAwMDAwMDAwMCwidXBkYXRlIjoxMjAwMDAwMDAwMDAwfX0="
        }
      ]
    },
    {
      "module": "module.gke_cluster",
      "mode": "managed",
      "type": "local_file",
      "name": "kubeconfig",
      "provider": "provider[\"registry.terraform.io/hashicorp/local\"]",
      "instances": [
        {
          "schema_version": 0,
          "attributes": {
            "content": "apiVersion: v1\nkind: Config\ncurrent-context: cryptk8s\npreferences: {}\nclusters:\n- cluster:\n    certificate-authority-data: LS0tLS1CRUdJTiBDRVJUSUZJQ0FURS0tLS0tCk1JSUVMRENDQXBTZ0F3SUJBZ0lRZkFBSGxTR1lDeEZwRDE1MU9BVUtIREFOQmdrcWhraUc5dzBCQVFzRkFEQXYKTVMwd0t3WURWUVFERXlRMk5qWmtaalF3TWkxbU4ySmtMVFJsWVRjdE9HSXlZUzAyT1RFMlpHWTBaVE01WWpNdwpJQmNOTWpRd05URXlNRGswTXpFeVdoZ1BNakExTkRBMU1EVXhNRFF6TVRKYU1DOHhMVEFyQmdOVkJBTVRKRFkyCk5tUm1OREF5TFdZM1ltUXROR1ZoTnkwNFlqSmhMVFk1TVRaa1pqUmxNemxpTXpDQ0FhSXdEUVlKS29aSWh2Y04KQVFFQkJRQURnZ0dQQURDQ0FZb0NnZ0dCQUxBbzBPbEk3RC96bW5QYm5mM2pzSkVkelhsNGttanB1OFJ3ZFdMUApoWk9mS0hpOUVzL3BWQlR3UXNIWlhZMCtWRTVTbGNuaEF5MG4weGJLbnBOT0JoUThQb1hIeUI2QTVnZ25LNUFYCkgyVjU5c3VpTGFRVG41bUhCbkJlU0VGU1MrT0JXYmxMMjZNRUxtbHpkODdWVTAvLzVROGZubHZWa05Kc1UwM2wKNThtaldnblQwMncxZW1HYm5rMHBibDZlaXVxdWRncTJzdGR6Y1ZCd2JFMHdHVVR3OGk3SnZ1SXVmbGJhZ3JwVApMUjAxdFJ2dCsrWVZ5ZTdpUER3SFNVQ0VYMHZMTEZDTnJBMG5PZTBZdmZUMkswbDZpU050d055bWJzQ3EzL3pkClA1M0h3RklSNHNwQWtraC8wdDB3TFNhYWt1QTdBbHk1YWY5RW1WL0xPc0p5TDRjdGFnd3hHcFRWb3VtMXN4Qk0KZFV5aUxsYmdPVDFTK0w2YTBKYlBVTFQyUHVOR1pCYXZGdGVGcC9oekFZdDZOU3RZVVpjK2V0YlI4SXVvVUF5eQpDRkNPa0JYR28xS1BQZ3VFUGp2M1ZXQzY0bGd6MXowQmZtamFtSytDSHRVVlhOTWphQXNCejBvZ3lTUTBTa1FsClVudTFDaytVTmdnSGhwaS9rNElOTklQUzF3SURBUUFCbzBJd1FEQU9CZ05WSFE4QkFmOEVCQU1DQWdRd0R3WUQKVlIwVEFRSC9CQVV3QXdFQi96QWRCZ05WSFE0RUZnUVUvcHZvWXlDUjVXdW5Tb09jaThJUTAxRkhVN013RFFZSgpLb1pJaHZjTkFRRUxCUUFEZ2dHQkFJY2dMeVlvTmdUeEQyOUFMSUdOUUFoWDE2N3hLSURPZWFKcmw1NWdWUE4xCmZTZHcyc2xkN2VQbmFyS096VFJkNlpCK05QV2dDNU1ERGpmNXRHdnNDZ2p2T1FLSmhJVFdSMXNYNEhlbkVmRkcKQVp2bG1YaUFtdWYrczZ0TnBYZFNLWGxDUGNveTZ4REhoVGJsdTIwR3hVbGxNa2loeU11N01YMXVRTDZaV3Q0bQplVDJGVlY0bWFkNFZJUnRwVDhFUWZuSFloa1ZPM3RLbnlOZmpZMklyOHNhWGxBVUtrS3grRllQNXNqR09qK3AxCmpyM3pYcmh3K09PNDFBQ2R1N3pYZm1LbCtsTzdaTElraVY2KzFjeHF3Z0VxT2hpTW9oTUQ3cDQrUEFsWkUzeWEKZjZ5TEVpMWpBeldWT2V1MFB6a0dzc1NjWFlwenoxTVMvcVl3MGRKakUweG9IbXNNcEJzUUZYTzQyWS9BMmpiKwpxU2Z4L2VrTmRqbWRmSjNjVjlCUjk0L0ZqeEh5SnB6aU1iSmRoTXQ5MjZuU1NaMXNScVczazdzcWozcVRYZEI2CjgxdCs1dGcxUm9SWkVGOVo1MkNCcmdGSTBsYkpBZVBNYzBoTEJSUm1vM1Vna000V1MxSTl3ajFkb2Y0eUN2encKZUg2VlpVSzZxcXBCdEUyK2xuNnJQUT09Ci0tLS0tRU5EIENFUlRJRklDQVRFLS0tLS0K\n    server: https://34.32.52.207\n  name: cryptk8s\ncontexts:\n- context:\n    cluster: cryptk8s\n    user: cryptk8s\n  name: cryptk8s\nusers:\n- name: cryptk8s\n  user:\n    token: ya29.c.c0AY_VpZgTPY-IRwkAzlCtoaT9jht0JoN6HIdigz2iVG12Nz1C8cPFy-RwI0XuGvr6OYiGlO1j4d35uFbQ6n52qJzOV-AiMqlBGTIhxIm8pcZN1MEOS0zcXU2-5Zmfcmq8daJwmE6SV7__RL9mwRCzhLXm0Cu-Bac_8ZvOPsnTWQemDIJ3G2a-8hG9-Wu89oxm8Q7bjxK0hZPzuYJz_67ObfNgwtPDXcTbEbEKxIwRUv4ir95i1pNIJX42KLvIKGk0yiotRxgJ1akTunnNsIalZPhnFJ6Eo9S3QDTZdBOEczFkhScOs6SbVLyOQGzOyhYdo4jL4FmRlpYT_P243Qi5c2PnLfJ22D8DdtNPh1gOgA5kUg5_W2VdgxeMEI8E388Kwgx8QiY2ZR3M9eeUSueweifc6h9RdorokVFFJoZ-F0d5gQV1e2v7RUBI7gSty2tRxYlJc4i9IWBzW669ySBhkIO5g_5_BbUl6JdazwdpgeOYQ8bgd6_tgedUZ3Mf9nw0zU3MSFlam6cknWvWhhh1qgMbkdkZeq7o9s1wIseSVJOcXs6Zobru23knrmoWuqXM5_rep8lzx4zt-dl_VQQVguco0BBbF3ZrxisVgi5t7rgJ51unsmYXoWX2qrom_nwROg8trMMzuV58t9Z44bsZa7qegOZWkwB0UB0fqce20tBsFM6qeW5M1ovcQxVJ2SzXp_JyzqbcjrkzkVtFUeaQt0OdlJ61p-jv-B0kaja1_5J-jdz_4ZWS_1lpjzd82FtJrs4Qty0YWaSWFfYfg3Q5-hUBsvbc0f5JnaZdJbQzB4BIj6Uf8laMxl1cYZ32WlQzxjf4gjQnk1Jlq7wtj5YRwkSU1bag_7ZnI5qU_J1xd3eqzRm5jOgq7JWR3QvY1OIFSrWqXep4IX7Xn-OeXz1xSr3FhqYYByz0X0s4pxgq2WFIadec2RFVpM9dIVZtc_6f9ynqYeS_cWr4B8RuSY68dkc658hY1a3IYXY2Sosurf_FnuROzVqy_9-",
            "content_base64": null,
            "content_base64sha256": "b0lDHqsugnZrBgXGg20Sc+//wRpEpNdYilx9Zr78FN0=",
            "content_base64sha512": "7PBUBlxSEdhvU84xzkdrRjVr+VWxkdmQ5L8a2iZkK33xK8Wu8e531bjvSSNKZzGC0dGSy9h5d/0njbXEqbUdsQ==",
            "content_md5": "99af257d24b26b6e916a83c34084c563",
            "content_sha1": "eb15b3684a7ba3fc056fb8e1be39b3e1c2e2b55d",
            "content_sha256": "6f49431eab2e82766b0605c6836d1273efffc11a44a4d7588a5c7d66befc14dd",
            "content_sha512": "ecf054065c5211d86f53ce31ce476b46356bf955b191d990e4bf1ada26642b7df12bc5aef1ee77d5b8ef49234a673182d1d192cbd87977fd278db5c4a9b51db1",
            "directory_permission": "0777",
            "file_permission": "0666",
            "filename": "gke_cluster/kubeconfig",
            "id": "eb15b3684a7ba3fc056fb8e1be39b3e1c2e2b55d",
            "sensitive_content": null,
            "source": null
          },
          "sensitive_attributes": [
            [
              {
                "type": "get_attr",
                "value": "sensitive_content"
              }
            ]
          ],
          "dependencies": [
            "module.gke_cluster.data.google_client_config.provider",
            "module.gke_cluster.data.template_file.kubeconfig",
            "module.gke_cluster.google_container_cluster.primary_gke_cluster"
          ]
        }
      ]
    },
    {
      "module": "module.gke_cluster",
      "mode": "managed",
      "type": "null_resource",
      "name": "copy-kubeconfig",
      "provider": "provider[\"registry.terraform.io/hashicorp/null\"]",
      "instances": [
        {
          "schema_version": 0,
          "attributes": {
            "id": "1769695674534777303",
            "triggers": null
          },
          "sensitive_attributes": [],
          "dependencies": [
            "module.gke_cluster.data.google_client_config.provider",
            "module.gke_cluster.data.template_file.kubeconfig",
            "module.gke_cluster.google_container_cluster.primary_gke_cluster",
            "module.gke_cluster.local_file.kubeconfig"
          ]
        }
      ]
    },
    {
      "module": "module.ingress-ngnx",
      "mode": "managed",
      "type": "null_resource",
      "name": "ingress-nginx",
      "provider": "provider[\"registry.terraform.io/hashicorp/null\"]",
      "instances": [
        {
          "schema_version": 0,
          "attributes": {
            "id": "2131330935974671984",
            "triggers": null
          },
          "sensitive_attributes": [],
          "dependencies": [
            "module.gke_cluster.google_container_cluster.primary_gke_cluster"
          ]
        }
      ]
    },
    {
      "module": "module.tekton",
      "mode": "data",
      "type": "google_service_account",
      "name": "terraform",
      "provider": "provider[\"registry.terraform.io/hashicorp/google\"]",
      "instances": [
        {
          "schema_version": 0,
          "attributes": {
            "account_id": "crypttrader",
            "display_name": "crypttrader",
            "email": "crypttrader@crypt-420813.iam.gserviceaccount.com",
            "id": "projects/crypt-420813/serviceAccounts/crypttrader@crypt-420813.iam.gserviceaccount.com",
            "member": "serviceAccount:crypttrader@crypt-420813.iam.gserviceaccount.com",
            "name": "projects/crypt-420813/serviceAccounts/crypttrader@crypt-420813.iam.gserviceaccount.com",
            "project": "crypt-420813",
            "unique_id": "101922640846103376551"
          },
          "sensitive_attributes": []
        }
      ]
    },
    {
      "module": "module.tekton",
      "mode": "managed",
      "type": "google_project_iam_member",
      "name": "terraform-gke-admin",
      "provider": "provider[\"registry.terraform.io/hashicorp/google\"]",
      "instances": [
        {
          "schema_version": 0,
          "attributes": {
            "condition": [],
            "etag": "BwYYP2+hqlM=",
            "id": "crypt-420813/roles/container.admin/serviceAccount:crypttrader@crypt-420813.iam.gserviceaccount.com",
            "member": "serviceAccount:crypttrader@crypt-420813.iam.gserviceaccount.com",
            "project": "crypt-420813",
            "role": "roles/container.admin"
          },
          "sensitive_attributes": [],
          "private": "bnVsbA==",
          "dependencies": [
            "module.tekton.data.google_service_account.terraform"
          ]
        }
      ]
    },
    {
      "module": "module.tekton",
      "mode": "managed",
      "type": "kubernetes_cluster_role_binding",
      "name": "terraform_clusteradmin",
      "provider": "module.tekton.provider[\"registry.terraform.io/hashicorp/kubernetes\"]",
      "instances": [
        {
          "schema_version": 0,
          "attributes": {
            "id": "cluster-admin-binding-terraform",
            "metadata": [
              {
                "annotations": null,
                "generate_name": "",
                "generation": 0,
                "labels": null,
                "name": "cluster-admin-binding-terraform",
                "resource_version": "4741",
                "uid": "74cd1f38-dd14-495f-9f7e-d8a66e375912"
              }
            ],
            "role_ref": [
              {
                "api_group": "rbac.authorization.k8s.io",
                "kind": "ClusterRole",
                "name": "cluster-admin"
              }
            ],
            "subject": [
              {
                "api_group": "rbac.authorization.k8s.io",
                "kind": "User",
                "name": "crypttrader@crypt-420813.iam.gserviceaccount.com",
                "namespace": "default"
              },
              {
                "api_group": "rbac.authorization.k8s.io",
                "kind": "User",
                "name": "101922640846103376551",
                "namespace": "default"
              }
            ]
          },
          "sensitive_attributes": [],
          "private": "bnVsbA==",
          "dependencies": [
            "module.gke_cluster.google_container_cluster.primary_gke_cluster",
            "module.tekton.data.google_service_account.terraform",
            "module.tekton.google_project_iam_member.terraform-gke-admin"
          ]
        }
      ]
    },
    {
      "module": "module.tekton",
      "mode": "managed",
      "type": "null_resource",
      "name": "tekton-deploy",
      "provider": "provider[\"registry.terraform.io/hashicorp/null\"]",
      "instances": [
        {
          "schema_version": 0,
          "attributes": {
            "id": "2225706245495914381",
            "triggers": null
          },
          "sensitive_attributes": [],
          "dependencies": [
            "module.gke_cluster.google_container_cluster.primary_gke_cluster"
          ]
        }
      ]
    }
  ],
  "check_results": null
}
